# This file is autogenerated, do not edit; changes may be undone by the next 'dep ensure'.


[[projects]]
  name = "github.com/aws/aws-lambda-go"
  packages = [
    "events",
    "lambda",
    "lambda/messages",
    "lambdacontext"
  ]
  revision = "2d482ef09017ae953b1e8d5a6ddac5b696663a3c"
  version = "v1.6.0"

[[projects]]
  branch = "master"
  name = "github.com/awslabs/aws-lambda-go-api-proxy"
  packages = [
    "core",
    "gin"
  ]
  revision = "3a4d35011e4a52d877a5fcb0aa494bbb4d20e27b"

[[projects]]
  name = "github.com/dgrijalva/jwt-go"
  packages = ["."]
  revision = "06ea1031745cb8b3dab3f6a236daf2b0aa468b7e"
  version = "v3.2.0"

[[projects]]
  branch = "master"
  name = "github.com/gin-contrib/sse"
  packages = ["."]
  revision = "22d885f9ecc78bf4ee5d72b937e4bbcdc58e8cae"

[[projects]]
  name = "github.com/gin-gonic/gin"
  packages = [
    ".",
    "binding",
    "json",
    "render"
  ]
  revision = "b869fe1415e4b9eb52f247441830d502aece2d4d"
  version = "v1.3.0"

[[projects]]
  name = "github.com/go-redis/redis"
  packages = [
    ".",
    "internal",
    "internal/consistenthash",
    "internal/hashtag",
    "internal/pool",
    "internal/proto",
    "internal/singleflight",
    "internal/util"
  ]
  revision = "f3bba01df2026fc865f7782948845db9cf44cf23"
  version = "v6.14.1"

[[projects]]
  branch = "master"
  name = "github.com/golang/glog"
  packages = ["."]
  revision = "23def4e6c14b4da8ac2ed8007337bc5eb5007998"

[[projects]]
  name = "github.com/golang/protobuf"
  packages = ["proto"]
  revision = "aa810b61a9c79d51363740d207bb46cf8e620ed5"
  version = "v1.2.0"

[[projects]]
  name = "github.com/json-iterator/go"
  packages = ["."]
  revision = "1624edc4454b8682399def8740d46db5e4362ba4"
  version = "v1.1.5"

[[projects]]
  name = "github.com/mattn/go-isatty"
  packages = ["."]
  revision = "6ca4dbf54d38eea1a992b3c722a76a5d1c4cb25c"
  version = "v0.0.4"

[[projects]]
  name = "github.com/modern-go/concurrent"
  packages = ["."]
  revision = "bacd9c7ef1dd9b15be4a9909b8ac7a4e313eec94"
  version = "1.0.3"

[[projects]]
  name = "github.com/modern-go/reflect2"
  packages = ["."]
  revision = "4b7aa43c6742a2c18fdef89dd197aaae7dac7ccd"
  version = "1.0.1"

[[projects]]
  name = "github.com/patrickmn/go-cache"
  packages = ["."]
  revision = "a3647f8e31d79543b2d0f0ae2fe5c379d72cedc0"
  version = "v2.1.0"

[[projects]]
  name = "github.com/satori/go.uuid"
  packages = ["."]
  revision = "36e9d2ebbde5e3f13ab2e25625fd453271d6522e"

[[projects]]
  branch = "master"
  name = "github.com/soundbus-technologies/o2m"
  packages = ["."]
  revision = "9475e99048cade9c1ab44afebd38156c5cd266cb"

[[projects]]
  branch = "master"
  name = "github.com/soundbus-technologies/o2r"
  packages = ["."]
  revision = "f51a8405f1032c6016dce8eae5afff8cb796d4d2"

[[projects]]
  branch = "master"
  name = "github.com/soundbus-technologies/o2x"
  packages = ["."]
  revision = "0f1633d363235dc688e8fb27bb0cd3f4aa0dc475"

[[projects]]
  branch = "master"
  name = "github.com/tidwall/btree"
  packages = ["."]
  revision = "9876f1454cf0993a53d74c27196993e345f50dd1"

[[projects]]
  name = "github.com/tidwall/buntdb"
  packages = ["."]
  revision = "2da7c106683f522198cdf55ed8db42b374de50d7"
  version = "v1.0.0"

[[projects]]
  name = "github.com/tidwall/gjson"
  packages = ["."]
  revision = "1e3f6aeaa5bad08d777ea7807b279a07885dd8b2"
  version = "v1.1.3"

[[projects]]
  branch = "master"
  name = "github.com/tidwall/grect"
  packages = ["."]
  revision = "ba9a043346eba55344e40d66a5e74cfda3a9d293"

[[projects]]
  branch = "master"
  name = "github.com/tidwall/match"
  packages = ["."]
  revision = "1731857f09b1f38450e2c12409748407822dc6be"

[[projects]]
  branch = "master"
  name = "github.com/tidwall/rtree"
  packages = [
    ".",
    "base"
  ]
  revision = "6cd427091e0e662cb4f8e2c9eb1a41e1c46ff0d3"

[[projects]]
  branch = "master"
  name = "github.com/tidwall/tinyqueue"
  packages = ["."]
  revision = "1e39f55115634cad2c504631c8bfcc292f2c9c55"

[[projects]]
  name = "github.com/ugorji/go"
  packages = ["codec"]
  revision = "b4c50a2b199d93b13dc15e78929cfb23bfdf21ab"
  version = "v1.1.1"

[[projects]]
  branch = "master"
  name = "golang.org/x/crypto"
  packages = [
    "pbkdf2",
    "scrypt"
  ]
  revision = "5295e8364332db77d75fce11f1d19c053919a9c9"

[[projects]]
  branch = "master"
  name = "golang.org/x/sys"
  packages = ["unix"]
  revision = "e4b3c5e9061176387e7cea65e4dc5853801f3fb7"

[[projects]]
  name = "gopkg.in/go-playground/validator.v8"
  packages = ["."]
  revision = "5f1438d3fca68893a817e4a66806cea46a9e4ebf"
  version = "v8.18.2"

[[projects]]
  name = "gopkg.in/go-session/redis.v1"
  packages = ["."]
  revision = "0eb5e718bdc4b845770588545880fe07a7d05981"
  version = "v1.4.1"

[[projects]]
  branch = "v2"
  name = "gopkg.in/mgo.v2"
  packages = [
    ".",
    "bson",
    "internal/json",
    "internal/sasl",
    "internal/scram"
  ]
  revision = "9856a29383ce1c59f308dd1cf0363a79b5bef6b5"

[[projects]]
  name = "gopkg.in/oauth2.v3"
  packages = [
    ".",
    "errors",
    "generates",
    "manage",
    "models",
    "server",
    "store",
    "utils/uuid"
  ]
  revision = "84834429be3fb8542b10e21864b2ffa84cbf74a1"
  version = "v3.9.0"

[[projects]]
  name = "gopkg.in/session.v2"
  packages = ["."]
  revision = "a076b7f2e931c01317ce4dee80ff90497a14f2e5"
  version = "v2.4.0"

[[projects]]
  name = "gopkg.in/yaml.v2"
  packages = ["."]
  revision = "5420a8b6744d3b0345ab293f6fcba19c978f1183"
  version = "v2.2.1"

[solve-meta]
  analyzer-name = "dep"
  analyzer-version = 1
  inputs-digest = "c3c38d70823990357bb23d70b2bb71c0bc69c81074358a8407c2d2cc96b1b840"
  solver-name = "gps-cdcl"
  solver-version = 1
